// !$*UTF8*$!
{
	archiveVersion = 1;
	classes = {
	};
	objectVersion = 46;
	objects = {

/* Begin PBXBuildFile section */
		3AC54325133C4303BE084631 /* Pods_wascarTests.framework in Frameworks */ = {isa = PBXBuildFile; fileRef = B938479661803B8E1102EAAF /* Pods_wascarTests.framework */; };
		A710E6081DE76AF20049C61D /* placeDetail.json in Resources */ = {isa = PBXBuildFile; fileRef = A710E6061DE76AF20049C61D /* placeDetail.json */; };
		A710E6091DE76AF20049C61D /* places.json in Resources */ = {isa = PBXBuildFile; fileRef = A710E6071DE76AF20049C61D /* places.json */; };
		A710E61A1DE76FDF0049C61D /* PlaceListViewModelMock.swift in Sources */ = {isa = PBXBuildFile; fileRef = A710E6191DE76FDF0049C61D /* PlaceListViewModelMock.swift */; };
		A710E61D1DE7731B0049C61D /* PlaceTests.swift in Sources */ = {isa = PBXBuildFile; fileRef = A710E61C1DE7731B0049C61D /* PlaceTests.swift */; };
		A710E61F1DE779640049C61D /* PlaceListViewModelTests.swift in Sources */ = {isa = PBXBuildFile; fileRef = A710E61E1DE779640049C61D /* PlaceListViewModelTests.swift */; };
		A710E6231DE7805A0049C61D /* PlaceCellViewModelTests.swift in Sources */ = {isa = PBXBuildFile; fileRef = A710E6221DE7805A0049C61D /* PlaceCellViewModelTests.swift */; };
		A710E6251DE783D30049C61D /* PlaceDetailViewModelTests.swift in Sources */ = {isa = PBXBuildFile; fileRef = A710E6241DE783D30049C61D /* PlaceDetailViewModelTests.swift */; };
		A710E6291DE7873B0049C61D /* URLTests.swift in Sources */ = {isa = PBXBuildFile; fileRef = A710E6281DE7873B0049C61D /* URLTests.swift */; };
		A72C65031DE50964008636A9 /* Assets.xcassets in Resources */ = {isa = PBXBuildFile; fileRef = A72C64EE1DE50964008636A9 /* Assets.xcassets */; };
		A72C65071DE50964008636A9 /* AppDelegate.swift in Sources */ = {isa = PBXBuildFile; fileRef = A72C64F81DE50964008636A9 /* AppDelegate.swift */; };
		A72C65081DE50964008636A9 /* WCARTableViewController.swift in Sources */ = {isa = PBXBuildFile; fileRef = A72C64FA1DE50964008636A9 /* WCARTableViewController.swift */; };
		A72C65091DE50964008636A9 /* WCARViewController.swift in Sources */ = {isa = PBXBuildFile; fileRef = A72C64FB1DE50964008636A9 /* WCARViewController.swift */; };
		A72C650A1DE50964008636A9 /* UIFont+WCarFont.swift in Sources */ = {isa = PBXBuildFile; fileRef = A72C64FD1DE50964008636A9 /* UIFont+WCarFont.swift */; };
		A72C650B1DE50964008636A9 /* PlaceCell.swift in Sources */ = {isa = PBXBuildFile; fileRef = A72C65001DE50964008636A9 /* PlaceCell.swift */; };
		A72C650C1DE50964008636A9 /* PlaceListViewController.swift in Sources */ = {isa = PBXBuildFile; fileRef = A72C65021DE50964008636A9 /* PlaceListViewController.swift */; };
		A74FBD821DE96C7400ED8503 /* PhotoTests.swift in Sources */ = {isa = PBXBuildFile; fileRef = A74FBD811DE96C7400ED8503 /* PhotoTests.swift */; };
		A74FBD851DE96D8A00ED8503 /* photo.json in Resources */ = {isa = PBXBuildFile; fileRef = A74FBD831DE96D8A00ED8503 /* photo.json */; };
		A74FBD861DE96D8A00ED8503 /* photos.json in Resources */ = {isa = PBXBuildFile; fileRef = A74FBD841DE96D8A00ED8503 /* photos.json */; };
		A74FBD881DE9711E00ED8503 /* ColorTests.swift in Sources */ = {isa = PBXBuildFile; fileRef = A74FBD871DE9711E00ED8503 /* ColorTests.swift */; };
		A74FBD8A1DE9732000ED8503 /* WCARTests.swift in Sources */ = {isa = PBXBuildFile; fileRef = A74FBD891DE9732000ED8503 /* WCARTests.swift */; };
		A76A365E1DE52DDB003764CE /* UIColor+WCarColor.swift in Sources */ = {isa = PBXBuildFile; fileRef = A76A365D1DE52DDB003764CE /* UIColor+WCarColor.swift */; };
		A76A36611DE538A7003764CE /* PlaceCellViewModel.swift in Sources */ = {isa = PBXBuildFile; fileRef = A76A36601DE538A7003764CE /* PlaceCellViewModel.swift */; };
		A76A36641DE538FF003764CE /* Place.swift in Sources */ = {isa = PBXBuildFile; fileRef = A76A36631DE538FF003764CE /* Place.swift */; };
		A76A36661DE54F61003764CE /* PlaceListViewModel.swift in Sources */ = {isa = PBXBuildFile; fileRef = A76A36651DE54F61003764CE /* PlaceListViewModel.swift */; };
		A76A366A1DE553CF003764CE /* String+WCarString.swift in Sources */ = {isa = PBXBuildFile; fileRef = A76A36691DE553CF003764CE /* String+WCarString.swift */; };
		A76A366D1DE5544E003764CE /* Localized.swift in Sources */ = {isa = PBXBuildFile; fileRef = A76A366C1DE5544E003764CE /* Localized.swift */; };
		A76A36721DE555CD003764CE /* LaunchScreen.storyboard in Resources */ = {isa = PBXBuildFile; fileRef = A76A36701DE555CD003764CE /* LaunchScreen.storyboard */; };
		A76A36731DE555CD003764CE /* Main.storyboard in Resources */ = {isa = PBXBuildFile; fileRef = A76A36711DE555CD003764CE /* Main.storyboard */; };
		A76A36771DE55643003764CE /* Localizable.strings in Resources */ = {isa = PBXBuildFile; fileRef = A76A36751DE55643003764CE /* Localizable.strings */; };
		A76C94271DE8CAF200FB1EC2 /* Cupertino.gpx in Resources */ = {isa = PBXBuildFile; fileRef = A76C94261DE8CAF200FB1EC2 /* Cupertino.gpx */; };
		A76CF44E1DE7A85200414253 /* Double+WCarDouble.swift in Sources */ = {isa = PBXBuildFile; fileRef = A76CF44D1DE7A85200414253 /* Double+WCarDouble.swift */; };
		A777BD511DE8265E00910D52 /* NoPlacesViewController.swift in Sources */ = {isa = PBXBuildFile; fileRef = A777BD501DE8265E00910D52 /* NoPlacesViewController.swift */; };
		A777BD531DE8370200910D52 /* UINavigationViewController+WCarNavigation.swift in Sources */ = {isa = PBXBuildFile; fileRef = A777BD521DE8370200910D52 /* UINavigationViewController+WCarNavigation.swift */; };
		A790749C1DE66308000CD75C /* OpenNow.swift in Sources */ = {isa = PBXBuildFile; fileRef = A790749B1DE66308000CD75C /* OpenNow.swift */; };
		A790749F1DE66994000CD75C /* URL.swift in Sources */ = {isa = PBXBuildFile; fileRef = A790749E1DE66994000CD75C /* URL.swift */; };
		A79074A21DE66B8D000CD75C /* PlaceManager.swift in Sources */ = {isa = PBXBuildFile; fileRef = A79074A11DE66B8D000CD75C /* PlaceManager.swift */; };
		A79074A61DE68633000CD75C /* Photo.swift in Sources */ = {isa = PBXBuildFile; fileRef = A79074A51DE68633000CD75C /* Photo.swift */; };
		A79074A81DE688FE000CD75C /* UIImageView+WCarImageView.swift in Sources */ = {isa = PBXBuildFile; fileRef = A79074A71DE688FE000CD75C /* UIImageView+WCarImageView.swift */; };
		A7CD06E41DEBC24500F37E05 /* UIViewController+WCARViewController.swift in Sources */ = {isa = PBXBuildFile; fileRef = A7CD06E31DEBC24500F37E05 /* UIViewController+WCARViewController.swift */; };
		A7CD06E81DEBD21800F37E05 /* Definitions.swift in Sources */ = {isa = PBXBuildFile; fileRef = A7CD06E71DEBD21800F37E05 /* Definitions.swift */; };
		A7E246381DE6475800E2902C /* PlaceDetailViewModel.swift in Sources */ = {isa = PBXBuildFile; fileRef = A7E246371DE6475800E2902C /* PlaceDetailViewModel.swift */; };
		A7F2047C1DE50C0600B10D09 /* PlaceDetailViewController.swift in Sources */ = {isa = PBXBuildFile; fileRef = A7F2047B1DE50C0600B10D09 /* PlaceDetailViewController.swift */; };
		E977FAB3A4BDE5F7964B72AF /* Pods_wascar.framework in Frameworks */ = {isa = PBXBuildFile; fileRef = E9C56570087B3C866546BAC8 /* Pods_wascar.framework */; };
/* End PBXBuildFile section */

/* Begin PBXContainerItemProxy section */
		A7BF29DD1DE5091200916EDC /* PBXContainerItemProxy */ = {
			isa = PBXContainerItemProxy;
			containerPortal = A7BF29C01DE5091200916EDC /* Project object */;
			proxyType = 1;
			remoteGlobalIDString = A7BF29C71DE5091200916EDC;
			remoteInfo = wascar;
		};
/* End PBXContainerItemProxy section */

/* Begin PBXFileReference section */
		0BA3DA69A817F33BBF3C47AF /* Pods-wascar.release.xcconfig */ = {isa = PBXFileReference; includeInIndex = 1; lastKnownFileType = text.xcconfig; name = "Pods-wascar.release.xcconfig"; path = "Pods/Target Support Files/Pods-wascar/Pods-wascar.release.xcconfig"; sourceTree = "<group>"; };
		4A8EA7C9BBD80116C1AEDA07 /* Pods-wascarTests.debug.xcconfig */ = {isa = PBXFileReference; includeInIndex = 1; lastKnownFileType = text.xcconfig; name = "Pods-wascarTests.debug.xcconfig"; path = "Pods/Target Support Files/Pods-wascarTests/Pods-wascarTests.debug.xcconfig"; sourceTree = "<group>"; };
		A710E6061DE76AF20049C61D /* placeDetail.json */ = {isa = PBXFileReference; fileEncoding = 4; lastKnownFileType = text.json; name = placeDetail.json; path = Resources/jsons/placeDetail.json; sourceTree = "<group>"; };
		A710E6071DE76AF20049C61D /* places.json */ = {isa = PBXFileReference; fileEncoding = 4; lastKnownFileType = text.json; name = places.json; path = Resources/jsons/places.json; sourceTree = "<group>"; };
		A710E6191DE76FDF0049C61D /* PlaceListViewModelMock.swift */ = {isa = PBXFileReference; fileEncoding = 4; lastKnownFileType = sourcecode.swift; name = PlaceListViewModelMock.swift; path = Mocks/PlaceListViewModelMock.swift; sourceTree = "<group>"; };
		A710E61C1DE7731B0049C61D /* PlaceTests.swift */ = {isa = PBXFileReference; fileEncoding = 4; lastKnownFileType = sourcecode.swift; path = PlaceTests.swift; sourceTree = "<group>"; };
		A710E61E1DE779640049C61D /* PlaceListViewModelTests.swift */ = {isa = PBXFileReference; fileEncoding = 4; lastKnownFileType = sourcecode.swift; path = PlaceListViewModelTests.swift; sourceTree = "<group>"; };
		A710E6221DE7805A0049C61D /* PlaceCellViewModelTests.swift */ = {isa = PBXFileReference; fileEncoding = 4; lastKnownFileType = sourcecode.swift; path = PlaceCellViewModelTests.swift; sourceTree = "<group>"; };
		A710E6241DE783D30049C61D /* PlaceDetailViewModelTests.swift */ = {isa = PBXFileReference; fileEncoding = 4; lastKnownFileType = sourcecode.swift; path = PlaceDetailViewModelTests.swift; sourceTree = "<group>"; };
		A710E6281DE7873B0049C61D /* URLTests.swift */ = {isa = PBXFileReference; fileEncoding = 4; lastKnownFileType = sourcecode.swift; path = URLTests.swift; sourceTree = "<group>"; };
		A72C64EE1DE50964008636A9 /* Assets.xcassets */ = {isa = PBXFileReference; lastKnownFileType = folder.assetcatalog; path = Assets.xcassets; sourceTree = "<group>"; };
		A72C64F51DE50964008636A9 /* Info.plist */ = {isa = PBXFileReference; fileEncoding = 4; lastKnownFileType = text.plist.xml; path = Info.plist; sourceTree = "<group>"; };
		A72C64F81DE50964008636A9 /* AppDelegate.swift */ = {isa = PBXFileReference; fileEncoding = 4; lastKnownFileType = sourcecode.swift; path = AppDelegate.swift; sourceTree = "<group>"; };
		A72C64FA1DE50964008636A9 /* WCARTableViewController.swift */ = {isa = PBXFileReference; fileEncoding = 4; lastKnownFileType = sourcecode.swift; path = WCARTableViewController.swift; sourceTree = "<group>"; };
		A72C64FB1DE50964008636A9 /* WCARViewController.swift */ = {isa = PBXFileReference; fileEncoding = 4; lastKnownFileType = sourcecode.swift; path = WCARViewController.swift; sourceTree = "<group>"; };
		A72C64FD1DE50964008636A9 /* UIFont+WCarFont.swift */ = {isa = PBXFileReference; fileEncoding = 4; lastKnownFileType = sourcecode.swift; path = "UIFont+WCarFont.swift"; sourceTree = "<group>"; };
		A72C65001DE50964008636A9 /* PlaceCell.swift */ = {isa = PBXFileReference; fileEncoding = 4; lastKnownFileType = sourcecode.swift; path = PlaceCell.swift; sourceTree = "<group>"; };
		A72C65021DE50964008636A9 /* PlaceListViewController.swift */ = {isa = PBXFileReference; fileEncoding = 4; lastKnownFileType = sourcecode.swift; path = PlaceListViewController.swift; sourceTree = "<group>"; };
		A74FBD811DE96C7400ED8503 /* PhotoTests.swift */ = {isa = PBXFileReference; fileEncoding = 4; lastKnownFileType = sourcecode.swift; path = PhotoTests.swift; sourceTree = "<group>"; };
		A74FBD831DE96D8A00ED8503 /* photo.json */ = {isa = PBXFileReference; fileEncoding = 4; lastKnownFileType = text.json; name = photo.json; path = Resources/jsons/photo.json; sourceTree = "<group>"; };
		A74FBD841DE96D8A00ED8503 /* photos.json */ = {isa = PBXFileReference; fileEncoding = 4; lastKnownFileType = text.json; name = photos.json; path = Resources/jsons/photos.json; sourceTree = "<group>"; };
		A74FBD871DE9711E00ED8503 /* ColorTests.swift */ = {isa = PBXFileReference; fileEncoding = 4; lastKnownFileType = sourcecode.swift; path = ColorTests.swift; sourceTree = "<group>"; };
		A74FBD891DE9732000ED8503 /* WCARTests.swift */ = {isa = PBXFileReference; fileEncoding = 4; lastKnownFileType = sourcecode.swift; path = WCARTests.swift; sourceTree = "<group>"; };
		A76A365D1DE52DDB003764CE /* UIColor+WCarColor.swift */ = {isa = PBXFileReference; fileEncoding = 4; lastKnownFileType = sourcecode.swift; path = "UIColor+WCarColor.swift"; sourceTree = "<group>"; };
		A76A36601DE538A7003764CE /* PlaceCellViewModel.swift */ = {isa = PBXFileReference; fileEncoding = 4; lastKnownFileType = sourcecode.swift; name = PlaceCellViewModel.swift; path = ViewModels/PlaceCellViewModel.swift; sourceTree = "<group>"; };
		A76A36631DE538FF003764CE /* Place.swift */ = {isa = PBXFileReference; fileEncoding = 4; lastKnownFileType = sourcecode.swift; name = Place.swift; path = Models/Place.swift; sourceTree = "<group>"; };
		A76A36651DE54F61003764CE /* PlaceListViewModel.swift */ = {isa = PBXFileReference; fileEncoding = 4; lastKnownFileType = sourcecode.swift; name = PlaceListViewModel.swift; path = ViewModels/PlaceListViewModel.swift; sourceTree = "<group>"; };
		A76A36691DE553CF003764CE /* String+WCarString.swift */ = {isa = PBXFileReference; fileEncoding = 4; lastKnownFileType = sourcecode.swift; path = "String+WCarString.swift"; sourceTree = "<group>"; };
		A76A366C1DE5544E003764CE /* Localized.swift */ = {isa = PBXFileReference; fileEncoding = 4; lastKnownFileType = sourcecode.swift; name = Localized.swift; path = Language/Localized.swift; sourceTree = "<group>"; };
		A76A36701DE555CD003764CE /* LaunchScreen.storyboard */ = {isa = PBXFileReference; fileEncoding = 4; lastKnownFileType = file.storyboard; path = LaunchScreen.storyboard; sourceTree = "<group>"; };
		A76A36711DE555CD003764CE /* Main.storyboard */ = {isa = PBXFileReference; fileEncoding = 4; lastKnownFileType = file.storyboard; path = Main.storyboard; sourceTree = "<group>"; };
		A76A36761DE55643003764CE /* en */ = {isa = PBXFileReference; lastKnownFileType = text.plist.strings; name = en; path = en.lproj/Localizable.strings; sourceTree = "<group>"; };
		A76C94261DE8CAF200FB1EC2 /* Cupertino.gpx */ = {isa = PBXFileReference; fileEncoding = 4; lastKnownFileType = text.xml; path = Cupertino.gpx; sourceTree = "<group>"; };
		A76CF44D1DE7A85200414253 /* Double+WCarDouble.swift */ = {isa = PBXFileReference; fileEncoding = 4; lastKnownFileType = sourcecode.swift; path = "Double+WCarDouble.swift"; sourceTree = "<group>"; };
		A777BD501DE8265E00910D52 /* NoPlacesViewController.swift */ = {isa = PBXFileReference; fileEncoding = 4; lastKnownFileType = sourcecode.swift; path = NoPlacesViewController.swift; sourceTree = "<group>"; };
		A777BD521DE8370200910D52 /* UINavigationViewController+WCarNavigation.swift */ = {isa = PBXFileReference; fileEncoding = 4; lastKnownFileType = sourcecode.swift; path = "UINavigationViewController+WCarNavigation.swift"; sourceTree = "<group>"; };
		A77C97C51DEA15A600AD89E3 /* pt-BR */ = {isa = PBXFileReference; lastKnownFileType = text.plist.strings; name = "pt-BR"; path = "pt-BR.lproj/Localizable.strings"; sourceTree = "<group>"; };
		A790749B1DE66308000CD75C /* OpenNow.swift */ = {isa = PBXFileReference; fileEncoding = 4; lastKnownFileType = sourcecode.swift; name = OpenNow.swift; path = Core/CustomObjects/OpenNow.swift; sourceTree = "<group>"; };
		A790749E1DE66994000CD75C /* URL.swift */ = {isa = PBXFileReference; fileEncoding = 4; lastKnownFileType = sourcecode.swift; path = URL.swift; sourceTree = "<group>"; };
		A79074A11DE66B8D000CD75C /* PlaceManager.swift */ = {isa = PBXFileReference; fileEncoding = 4; lastKnownFileType = sourcecode.swift; path = PlaceManager.swift; sourceTree = "<group>"; };
		A79074A51DE68633000CD75C /* Photo.swift */ = {isa = PBXFileReference; fileEncoding = 4; lastKnownFileType = sourcecode.swift; name = Photo.swift; path = Models/Photo.swift; sourceTree = "<group>"; };
		A79074A71DE688FE000CD75C /* UIImageView+WCarImageView.swift */ = {isa = PBXFileReference; fileEncoding = 4; lastKnownFileType = sourcecode.swift; path = "UIImageView+WCarImageView.swift"; sourceTree = "<group>"; };
		A7BF29C81DE5091200916EDC /* wascar.app */ = {isa = PBXFileReference; explicitFileType = wrapper.application; includeInIndex = 0; path = wascar.app; sourceTree = BUILT_PRODUCTS_DIR; };
		A7BF29DC1DE5091200916EDC /* wascarTests.xctest */ = {isa = PBXFileReference; explicitFileType = wrapper.cfbundle; includeInIndex = 0; path = wascarTests.xctest; sourceTree = BUILT_PRODUCTS_DIR; };
		A7BF29E21DE5091200916EDC /* Info.plist */ = {isa = PBXFileReference; lastKnownFileType = text.plist.xml; name = Info.plist; path = "Resources/Supporting Files/Info.plist"; sourceTree = "<group>"; };
		A7CD06E31DEBC24500F37E05 /* UIViewController+WCARViewController.swift */ = {isa = PBXFileReference; fileEncoding = 4; lastKnownFileType = sourcecode.swift; path = "UIViewController+WCARViewController.swift"; sourceTree = "<group>"; };
		A7CD06E71DEBD21800F37E05 /* Definitions.swift */ = {isa = PBXFileReference; fileEncoding = 4; lastKnownFileType = sourcecode.swift; name = Definitions.swift; path = Helpers/Definitions.swift; sourceTree = "<group>"; };
		A7E246371DE6475800E2902C /* PlaceDetailViewModel.swift */ = {isa = PBXFileReference; fileEncoding = 4; lastKnownFileType = sourcecode.swift; name = PlaceDetailViewModel.swift; path = ViewModels/PlaceDetailViewModel.swift; sourceTree = "<group>"; };
		A7F2047B1DE50C0600B10D09 /* PlaceDetailViewController.swift */ = {isa = PBXFileReference; fileEncoding = 4; lastKnownFileType = sourcecode.swift; path = PlaceDetailViewController.swift; sourceTree = "<group>"; };
		A9CB8163C58350D942119F21 /* Pods-wascarTests.release.xcconfig */ = {isa = PBXFileReference; includeInIndex = 1; lastKnownFileType = text.xcconfig; name = "Pods-wascarTests.release.xcconfig"; path = "Pods/Target Support Files/Pods-wascarTests/Pods-wascarTests.release.xcconfig"; sourceTree = "<group>"; };
		B938479661803B8E1102EAAF /* Pods_wascarTests.framework */ = {isa = PBXFileReference; explicitFileType = wrapper.framework; includeInIndex = 0; path = Pods_wascarTests.framework; sourceTree = BUILT_PRODUCTS_DIR; };
		D7C87B99BC707479D3EBC826 /* Pods-wascar.debug.xcconfig */ = {isa = PBXFileReference; includeInIndex = 1; lastKnownFileType = text.xcconfig; name = "Pods-wascar.debug.xcconfig"; path = "Pods/Target Support Files/Pods-wascar/Pods-wascar.debug.xcconfig"; sourceTree = "<group>"; };
		E9C56570087B3C866546BAC8 /* Pods_wascar.framework */ = {isa = PBXFileReference; explicitFileType = wrapper.framework; includeInIndex = 0; path = Pods_wascar.framework; sourceTree = BUILT_PRODUCTS_DIR; };
/* End PBXFileReference section */

/* Begin PBXFrameworksBuildPhase section */
		A7BF29C51DE5091200916EDC /* Frameworks */ = {
			isa = PBXFrameworksBuildPhase;
			buildActionMask = 2147483647;
			files = (
				E977FAB3A4BDE5F7964B72AF /* Pods_wascar.framework in Frameworks */,
			);
			runOnlyForDeploymentPostprocessing = 0;
		};
		A7BF29D91DE5091200916EDC /* Frameworks */ = {
			isa = PBXFrameworksBuildPhase;
			buildActionMask = 2147483647;
			files = (
				3AC54325133C4303BE084631 /* Pods_wascarTests.framework in Frameworks */,
			);
			runOnlyForDeploymentPostprocessing = 0;
		};
/* End PBXFrameworksBuildPhase section */

/* Begin PBXGroup section */
		A710E6041DE76AA80049C61D /* Resources */ = {
			isa = PBXGroup;
			children = (
				A710E61B1DE770240049C61D /* Supporting Files */,
				A710E6051DE76AB00049C61D /* jsons */,
			);
			name = Resources;
			sourceTree = "<group>";
		};
		A710E6051DE76AB00049C61D /* jsons */ = {
			isa = PBXGroup;
			children = (
				A74FBD831DE96D8A00ED8503 /* photo.json */,
				A74FBD841DE96D8A00ED8503 /* photos.json */,
				A710E6061DE76AF20049C61D /* placeDetail.json */,
				A710E6071DE76AF20049C61D /* places.json */,
			);
			name = jsons;
			sourceTree = "<group>";
		};
		A710E6181DE76FB80049C61D /* Mocks */ = {
			isa = PBXGroup;
			children = (
				A710E6191DE76FDF0049C61D /* PlaceListViewModelMock.swift */,
			);
			name = Mocks;
			sourceTree = "<group>";
		};
		A710E61B1DE770240049C61D /* Supporting Files */ = {
			isa = PBXGroup;
			children = (
				A7BF29E21DE5091200916EDC /* Info.plist */,
			);
			name = "Supporting Files";
			sourceTree = "<group>";
		};
		A72C64ED1DE50964008636A9 /* Resources */ = {
			isa = PBXGroup;
			children = (
				A72C64EE1DE50964008636A9 /* Assets.xcassets */,
				A76A36741DE55643003764CE /* Language */,
				A72C64EF1DE50964008636A9 /* Presentation */,
				A72C64F41DE50964008636A9 /* Supporting Files */,
			);
			path = Resources;
			sourceTree = "<group>";
		};
		A72C64EF1DE50964008636A9 /* Presentation */ = {
			isa = PBXGroup;
			children = (
				A76A36701DE555CD003764CE /* LaunchScreen.storyboard */,
				A76A36711DE555CD003764CE /* Main.storyboard */,
			);
			path = Presentation;
			sourceTree = "<group>";
		};
		A72C64F41DE50964008636A9 /* Supporting Files */ = {
			isa = PBXGroup;
			children = (
				A72C64F51DE50964008636A9 /* Info.plist */,
				A76C94261DE8CAF200FB1EC2 /* Cupertino.gpx */,
			);
			path = "Supporting Files";
			sourceTree = "<group>";
		};
		A72C64F61DE50964008636A9 /* Sources */ = {
			isa = PBXGroup;
			children = (
				A72C64F71DE50964008636A9 /* Core */,
				A72C64FE1DE50964008636A9 /* Presentation */,
			);
			path = Sources;
			sourceTree = "<group>";
		};
		A72C64F71DE50964008636A9 /* Core */ = {
			isa = PBXGroup;
			children = (
				A72C64F81DE50964008636A9 /* AppDelegate.swift */,
				A7CD06E51DEBD1F400F37E05 /* Helpers */,
				A790749D1DE66994000CD75C /* Network */,
				A790749A1DE662D0000CD75C /* CustomObjects */,
				A76A366B1DE5543D003764CE /* Language */,
				A76A36621DE538E7003764CE /* Models */,
				A76A365F1DE5388D003764CE /* ViewModels */,
				A72C64F91DE50964008636A9 /* Base */,
				A72C64FC1DE50964008636A9 /* Extensions */,
			);
			path = Core;
			sourceTree = "<group>";
		};
		A72C64F91DE50964008636A9 /* Base */ = {
			isa = PBXGroup;
			children = (
				A72C64FA1DE50964008636A9 /* WCARTableViewController.swift */,
				A72C64FB1DE50964008636A9 /* WCARViewController.swift */,
			);
			path = Base;
			sourceTree = "<group>";
		};
		A72C64FC1DE50964008636A9 /* Extensions */ = {
			isa = PBXGroup;
			children = (
				A777BD521DE8370200910D52 /* UINavigationViewController+WCarNavigation.swift */,
				A76CF44D1DE7A85200414253 /* Double+WCarDouble.swift */,
				A79074A71DE688FE000CD75C /* UIImageView+WCarImageView.swift */,
				A76A36691DE553CF003764CE /* String+WCarString.swift */,
				A76A365D1DE52DDB003764CE /* UIColor+WCarColor.swift */,
				A72C64FD1DE50964008636A9 /* UIFont+WCarFont.swift */,
				A7CD06E31DEBC24500F37E05 /* UIViewController+WCARViewController.swift */,
			);
			path = Extensions;
			sourceTree = "<group>";
		};
		A72C64FE1DE50964008636A9 /* Presentation */ = {
			isa = PBXGroup;
			children = (
				A72C64FF1DE50964008636A9 /* Cells */,
				A72C65011DE50964008636A9 /* ViewControllers */,
			);
			path = Presentation;
			sourceTree = "<group>";
		};
		A72C64FF1DE50964008636A9 /* Cells */ = {
			isa = PBXGroup;
			children = (
				A72C65001DE50964008636A9 /* PlaceCell.swift */,
			);
			path = Cells;
			sourceTree = "<group>";
		};
		A72C65011DE50964008636A9 /* ViewControllers */ = {
			isa = PBXGroup;
			children = (
				A72C65021DE50964008636A9 /* PlaceListViewController.swift */,
				A7F2047B1DE50C0600B10D09 /* PlaceDetailViewController.swift */,
				A777BD501DE8265E00910D52 /* NoPlacesViewController.swift */,
			);
			path = ViewControllers;
			sourceTree = "<group>";
		};
		A74FBD8B1DE9771900ED8503 /* ViewModels */ = {
			isa = PBXGroup;
			children = (
				A710E61E1DE779640049C61D /* PlaceListViewModelTests.swift */,
				A710E6221DE7805A0049C61D /* PlaceCellViewModelTests.swift */,
				A710E6241DE783D30049C61D /* PlaceDetailViewModelTests.swift */,
			);
			name = ViewModels;
			sourceTree = "<group>";
		};
		A74FBD8C1DE9772B00ED8503 /* Models */ = {
			isa = PBXGroup;
			children = (
				A710E61C1DE7731B0049C61D /* PlaceTests.swift */,
				A74FBD811DE96C7400ED8503 /* PhotoTests.swift */,
			);
			name = Models;
			sourceTree = "<group>";
		};
		A76A365F1DE5388D003764CE /* ViewModels */ = {
			isa = PBXGroup;
			children = (
				A76A36651DE54F61003764CE /* PlaceListViewModel.swift */,
				A7E246371DE6475800E2902C /* PlaceDetailViewModel.swift */,
				A76A36601DE538A7003764CE /* PlaceCellViewModel.swift */,
			);
			name = ViewModels;
			sourceTree = "<group>";
		};
		A76A36621DE538E7003764CE /* Models */ = {
			isa = PBXGroup;
			children = (
				A79074A51DE68633000CD75C /* Photo.swift */,
				A76A36631DE538FF003764CE /* Place.swift */,
			);
			name = Models;
			sourceTree = "<group>";
		};
		A76A366B1DE5543D003764CE /* Language */ = {
			isa = PBXGroup;
			children = (
				A76A366C1DE5544E003764CE /* Localized.swift */,
			);
			name = Language;
			sourceTree = "<group>";
		};
		A76A36741DE55643003764CE /* Language */ = {
			isa = PBXGroup;
			children = (
				A76A36751DE55643003764CE /* Localizable.strings */,
			);
			path = Language;
			sourceTree = "<group>";
		};
		A790749A1DE662D0000CD75C /* CustomObjects */ = {
			isa = PBXGroup;
			children = (
				A790749B1DE66308000CD75C /* OpenNow.swift */,
			);
			name = CustomObjects;
			path = ..;
			sourceTree = "<group>";
		};
		A790749D1DE66994000CD75C /* Network */ = {
			isa = PBXGroup;
			children = (
				A79074A11DE66B8D000CD75C /* PlaceManager.swift */,
				A790749E1DE66994000CD75C /* URL.swift */,
			);
			path = Network;
			sourceTree = "<group>";
		};
		A7BF29BF1DE5091200916EDC = {
			isa = PBXGroup;
			children = (
				A72C64ED1DE50964008636A9 /* Resources */,
				A72C64F61DE50964008636A9 /* Sources */,
				A7BF29DF1DE5091200916EDC /* wascarTests */,
				A7BF29C91DE5091200916EDC /* Products */,
				F7237209489E29679B5A127D /* Pods */,
				CB3C7B2E058B842C7A498EEB /* Frameworks */,
			);
			sourceTree = "<group>";
		};
		A7BF29C91DE5091200916EDC /* Products */ = {
			isa = PBXGroup;
			children = (
				A7BF29C81DE5091200916EDC /* wascar.app */,
				A7BF29DC1DE5091200916EDC /* wascarTests.xctest */,
			);
			name = Products;
			sourceTree = "<group>";
		};
		A7BF29DF1DE5091200916EDC /* wascarTests */ = {
			isa = PBXGroup;
			children = (
				A74FBD8C1DE9772B00ED8503 /* Models */,
				A74FBD8B1DE9771900ED8503 /* ViewModels */,
				A710E6041DE76AA80049C61D /* Resources */,
				A710E6181DE76FB80049C61D /* Mocks */,
				A710E6281DE7873B0049C61D /* URLTests.swift */,
				A74FBD871DE9711E00ED8503 /* ColorTests.swift */,
				A74FBD891DE9732000ED8503 /* WCARTests.swift */,
			);
			path = wascarTests;
			sourceTree = "<group>";
		};
		A7CD06E51DEBD1F400F37E05 /* Helpers */ = {
			isa = PBXGroup;
			children = (
				A7CD06E71DEBD21800F37E05 /* Definitions.swift */,
			);
			name = Helpers;
			sourceTree = "<group>";
		};
		CB3C7B2E058B842C7A498EEB /* Frameworks */ = {
			isa = PBXGroup;
			children = (
				E9C56570087B3C866546BAC8 /* Pods_wascar.framework */,
				B938479661803B8E1102EAAF /* Pods_wascarTests.framework */,
			);
			name = Frameworks;
			sourceTree = "<group>";
		};
		F7237209489E29679B5A127D /* Pods */ = {
			isa = PBXGroup;
			children = (
				D7C87B99BC707479D3EBC826 /* Pods-wascar.debug.xcconfig */,
				0BA3DA69A817F33BBF3C47AF /* Pods-wascar.release.xcconfig */,
				4A8EA7C9BBD80116C1AEDA07 /* Pods-wascarTests.debug.xcconfig */,
				A9CB8163C58350D942119F21 /* Pods-wascarTests.release.xcconfig */,
			);
			name = Pods;
			sourceTree = "<group>";
		};
/* End PBXGroup section */

/* Begin PBXNativeTarget section */
		A7BF29C71DE5091200916EDC /* wascar */ = {
			isa = PBXNativeTarget;
			buildConfigurationList = A7BF29E51DE5091200916EDC /* Build configuration list for PBXNativeTarget "wascar" */;
			buildPhases = (
				D39AEC1B28C4180C415F8A5E /* [CP] Check Pods Manifest.lock */,
				A7BF29C41DE5091200916EDC /* Sources */,
				A7BF29C51DE5091200916EDC /* Frameworks */,
				A7BF29C61DE5091200916EDC /* Resources */,
				010A46E124D36933B2DCA196 /* [CP] Embed Pods Frameworks */,
				05C297D42487E400326E04C1 /* [CP] Copy Pods Resources */,
			);
			buildRules = (
			);
			dependencies = (
			);
			name = wascar;
			productName = wascar;
			productReference = A7BF29C81DE5091200916EDC /* wascar.app */;
			productType = "com.apple.product-type.application";
		};
		A7BF29DB1DE5091200916EDC /* wascarTests */ = {
			isa = PBXNativeTarget;
			buildConfigurationList = A7BF29E81DE5091200916EDC /* Build configuration list for PBXNativeTarget "wascarTests" */;
			buildPhases = (
				1895CF45DFD02BB311015D12 /* [CP] Check Pods Manifest.lock */,
				A7BF29D81DE5091200916EDC /* Sources */,
				A7BF29D91DE5091200916EDC /* Frameworks */,
				A7BF29DA1DE5091200916EDC /* Resources */,
				84F717ADD7C0B3AD37CF3086 /* [CP] Embed Pods Frameworks */,
				706255990C3B6C8320C51ACC /* [CP] Copy Pods Resources */,
			);
			buildRules = (
			);
			dependencies = (
				A7BF29DE1DE5091200916EDC /* PBXTargetDependency */,
			);
			name = wascarTests;
			productName = wascarTests;
			productReference = A7BF29DC1DE5091200916EDC /* wascarTests.xctest */;
			productType = "com.apple.product-type.bundle.unit-test";
		};
/* End PBXNativeTarget section */

/* Begin PBXProject section */
		A7BF29C01DE5091200916EDC /* Project object */ = {
			isa = PBXProject;
			attributes = {
				LastSwiftUpdateCheck = 0730;
				LastUpgradeCheck = 0730;
				ORGANIZATIONNAME = "Wagner Sales";
				TargetAttributes = {
					A7BF29C71DE5091200916EDC = {
						CreatedOnToolsVersion = 7.3.1;
						DevelopmentTeam = B6M4H2TQY8;
					};
					A7BF29DB1DE5091200916EDC = {
						CreatedOnToolsVersion = 7.3.1;
						TestTargetID = A7BF29C71DE5091200916EDC;
					};
				};
			};
			buildConfigurationList = A7BF29C31DE5091200916EDC /* Build configuration list for PBXProject "wascar" */;
			compatibilityVersion = "Xcode 3.2";
			developmentRegion = English;
			hasScannedForEncodings = 0;
			knownRegions = (
				en,
				"pt-BR",
			);
			mainGroup = A7BF29BF1DE5091200916EDC;
			productRefGroup = A7BF29C91DE5091200916EDC /* Products */;
			projectDirPath = "";
			projectRoot = "";
			targets = (
				A7BF29C71DE5091200916EDC /* wascar */,
				A7BF29DB1DE5091200916EDC /* wascarTests */,
			);
		};
/* End PBXProject section */

/* Begin PBXResourcesBuildPhase section */
		A7BF29C61DE5091200916EDC /* Resources */ = {
			isa = PBXResourcesBuildPhase;
			buildActionMask = 2147483647;
			files = (
				A76C94271DE8CAF200FB1EC2 /* Cupertino.gpx in Resources */,
				A76A36731DE555CD003764CE /* Main.storyboard in Resources */,
				A76A36771DE55643003764CE /* Localizable.strings in Resources */,
				A72C65031DE50964008636A9 /* Assets.xcassets in Resources */,
				A76A36721DE555CD003764CE /* LaunchScreen.storyboard in Resources */,
			);
			runOnlyForDeploymentPostprocessing = 0;
		};
		A7BF29DA1DE5091200916EDC /* Resources */ = {
			isa = PBXResourcesBuildPhase;
			buildActionMask = 2147483647;
			files = (
				A74FBD861DE96D8A00ED8503 /* photos.json in Resources */,
				A74FBD851DE96D8A00ED8503 /* photo.json in Resources */,
				A710E6081DE76AF20049C61D /* placeDetail.json in Resources */,
				A710E6091DE76AF20049C61D /* places.json in Resources */,
			);
			runOnlyForDeploymentPostprocessing = 0;
		};
/* End PBXResourcesBuildPhase section */

/* Begin PBXShellScriptBuildPhase section */
		010A46E124D36933B2DCA196 /* [CP] Embed Pods Frameworks */ = {
			isa = PBXShellScriptBuildPhase;
			buildActionMask = 2147483647;
			files = (
			);
			inputPaths = (
			);
			name = "[CP] Embed Pods Frameworks";
			outputPaths = (
			);
			runOnlyForDeploymentPostprocessing = 0;
			shellPath = /bin/sh;
			shellScript = "\"${SRCROOT}/Pods/Target Support Files/Pods-wascar/Pods-wascar-frameworks.sh\"\n";
			showEnvVarsInLog = 0;
		};
		05C297D42487E400326E04C1 /* [CP] Copy Pods Resources */ = {
			isa = PBXShellScriptBuildPhase;
			buildActionMask = 2147483647;
			files = (
			);
			inputPaths = (
			);
			name = "[CP] Copy Pods Resources";
			outputPaths = (
			);
			runOnlyForDeploymentPostprocessing = 0;
			shellPath = /bin/sh;
			shellScript = "\"${SRCROOT}/Pods/Target Support Files/Pods-wascar/Pods-wascar-resources.sh\"\n";
			showEnvVarsInLog = 0;
		};
		1895CF45DFD02BB311015D12 /* [CP] Check Pods Manifest.lock */ = {
			isa = PBXShellScriptBuildPhase;
			buildActionMask = 2147483647;
			files = (
			);
			inputPaths = (
			);
			name = "[CP] Check Pods Manifest.lock";
			outputPaths = (
			);
			runOnlyForDeploymentPostprocessing = 0;
			shellPath = /bin/sh;
			shellScript = "diff \"${PODS_ROOT}/../Podfile.lock\" \"${PODS_ROOT}/Manifest.lock\" > /dev/null\nif [ $? != 0 ] ; then\n    # print error to STDERR\n    echo \"error: The sandbox is not in sync with the Podfile.lock. Run 'pod install' or update your CocoaPods installation.\" >&2\n    exit 1\nfi\n";
			showEnvVarsInLog = 0;
		};
		706255990C3B6C8320C51ACC /* [CP] Copy Pods Resources */ = {
			isa = PBXShellScriptBuildPhase;
			buildActionMask = 2147483647;
			files = (
			);
			inputPaths = (
			);
			name = "[CP] Copy Pods Resources";
			outputPaths = (
			);
			runOnlyForDeploymentPostprocessing = 0;
			shellPath = /bin/sh;
			shellScript = "\"${SRCROOT}/Pods/Target Support Files/Pods-wascarTests/Pods-wascarTests-resources.sh\"\n";
			showEnvVarsInLog = 0;
		};
		84F717ADD7C0B3AD37CF3086 /* [CP] Embed Pods Frameworks */ = {
			isa = PBXShellScriptBuildPhase;
			buildActionMask = 2147483647;
			files = (
			);
			inputPaths = (
			);
			name = "[CP] Embed Pods Frameworks";
			outputPaths = (
			);
			runOnlyForDeploymentPostprocessing = 0;
			shellPath = /bin/sh;
			shellScript = "\"${SRCROOT}/Pods/Target Support Files/Pods-wascarTests/Pods-wascarTests-frameworks.sh\"\n";
			showEnvVarsInLog = 0;
		};
		D39AEC1B28C4180C415F8A5E /* [CP] Check Pods Manifest.lock */ = {
			isa = PBXShellScriptBuildPhase;
			buildActionMask = 2147483647;
			files = (
			);
			inputPaths = (
			);
			name = "[CP] Check Pods Manifest.lock";
			outputPaths = (
			);
			runOnlyForDeploymentPostprocessing = 0;
			shellPath = /bin/sh;
			shellScript = "diff \"${PODS_ROOT}/../Podfile.lock\" \"${PODS_ROOT}/Manifest.lock\" > /dev/null\nif [ $? != 0 ] ; then\n    # print error to STDERR\n    echo \"error: The sandbox is not in sync with the Podfile.lock. Run 'pod install' or update your CocoaPods installation.\" >&2\n    exit 1\nfi\n";
			showEnvVarsInLog = 0;
		};
/* End PBXShellScriptBuildPhase section */

/* Begin PBXSourcesBuildPhase section */
		A7BF29C41DE5091200916EDC /* Sources */ = {
			isa = PBXSourcesBuildPhase;
			buildActionMask = 2147483647;
			files = (
				A76A36661DE54F61003764CE /* PlaceListViewModel.swift in Sources */,
				A72C650A1DE50964008636A9 /* UIFont+WCarFont.swift in Sources */,
				A79074A81DE688FE000CD75C /* UIImageView+WCarImageView.swift in Sources */,
				A790749C1DE66308000CD75C /* OpenNow.swift in Sources */,
				A7E246381DE6475800E2902C /* PlaceDetailViewModel.swift in Sources */,
				A7CD06E41DEBC24500F37E05 /* UIViewController+WCARViewController.swift in Sources */,
				A79074A21DE66B8D000CD75C /* PlaceManager.swift in Sources */,
				A72C65091DE50964008636A9 /* WCARViewController.swift in Sources */,
				A76A366A1DE553CF003764CE /* String+WCarString.swift in Sources */,
				A72C650C1DE50964008636A9 /* PlaceListViewController.swift in Sources */,
				A777BD511DE8265E00910D52 /* NoPlacesViewController.swift in Sources */,
				A790749F1DE66994000CD75C /* URL.swift in Sources */,
				A72C65081DE50964008636A9 /* WCARTableViewController.swift in Sources */,
				A72C650B1DE50964008636A9 /* PlaceCell.swift in Sources */,
				A76CF44E1DE7A85200414253 /* Double+WCarDouble.swift in Sources */,
				A79074A61DE68633000CD75C /* Photo.swift in Sources */,
				A7CD06E81DEBD21800F37E05 /* Definitions.swift in Sources */,
				A72C65071DE50964008636A9 /* AppDelegate.swift in Sources */,
				A76A365E1DE52DDB003764CE /* UIColor+WCarColor.swift in Sources */,
				A7F2047C1DE50C0600B10D09 /* PlaceDetailViewController.swift in Sources */,
				A777BD531DE8370200910D52 /* UINavigationViewController+WCarNavigation.swift in Sources */,
				A76A36611DE538A7003764CE /* PlaceCellViewModel.swift in Sources */,
				A76A366D1DE5544E003764CE /* Localized.swift in Sources */,
				A76A36641DE538FF003764CE /* Place.swift in Sources */,
			);
			runOnlyForDeploymentPostprocessing = 0;
		};
		A7BF29D81DE5091200916EDC /* Sources */ = {
			isa = PBXSourcesBuildPhase;
			buildActionMask = 2147483647;
			files = (
				A710E6291DE7873B0049C61D /* URLTests.swift in Sources */,
				A74FBD8A1DE9732000ED8503 /* WCARTests.swift in Sources */,
				A710E6231DE7805A0049C61D /* PlaceCellViewModelTests.swift in Sources */,
				A710E61A1DE76FDF0049C61D /* PlaceListViewModelMock.swift in Sources */,
				A74FBD821DE96C7400ED8503 /* PhotoTests.swift in Sources */,
				A710E61D1DE7731B0049C61D /* PlaceTests.swift in Sources */,
				A74FBD881DE9711E00ED8503 /* ColorTests.swift in Sources */,
				A710E61F1DE779640049C61D /* PlaceListViewModelTests.swift in Sources */,
				A710E6251DE783D30049C61D /* PlaceDetailViewModelTests.swift in Sources */,
			);
			runOnlyForDeploymentPostprocessing = 0;
		};
/* End PBXSourcesBuildPhase section */

/* Begin PBXTargetDependency section */
		A7BF29DE1DE5091200916EDC /* PBXTargetDependency */ = {
			isa = PBXTargetDependency;
			target = A7BF29C71DE5091200916EDC /* wascar */;
			targetProxy = A7BF29DD1DE5091200916EDC /* PBXContainerItemProxy */;
		};
/* End PBXTargetDependency section */

/* Begin PBXVariantGroup section */
		A76A36751DE55643003764CE /* Localizable.strings */ = {
			isa = PBXVariantGroup;
			children = (
				A76A36761DE55643003764CE /* en */,
				A77C97C51DEA15A600AD89E3 /* pt-BR */,
			);
			name = Localizable.strings;
			sourceTree = "<group>";
		};
/* End PBXVariantGroup section */

/* Begin XCBuildConfiguration section */
		A7BF29E31DE5091200916EDC /* Debug */ = {
			isa = XCBuildConfiguration;
			buildSettings = {
				ALWAYS_SEARCH_USER_PATHS = NO;
				CLANG_ANALYZER_NONNULL = YES;
				CLANG_CXX_LANGUAGE_STANDARD = "gnu++0x";
				CLANG_CXX_LIBRARY = "libc++";
				CLANG_ENABLE_MODULES = YES;
				CLANG_ENABLE_OBJC_ARC = YES;
				CLANG_WARN_BOOL_CONVERSION = YES;
				CLANG_WARN_CONSTANT_CONVERSION = YES;
				CLANG_WARN_DIRECT_OBJC_ISA_USAGE = YES_ERROR;
				CLANG_WARN_EMPTY_BODY = YES;
				CLANG_WARN_ENUM_CONVERSION = YES;
				CLANG_WARN_INT_CONVERSION = YES;
				CLANG_WARN_OBJC_ROOT_CLASS = YES_ERROR;
				CLANG_WARN_UNREACHABLE_CODE = YES;
				CLANG_WARN__DUPLICATE_METHOD_MATCH = YES;
				"CODE_SIGN_IDENTITY[sdk=iphoneos*]" = "iPhone Developer";
				COPY_PHASE_STRIP = NO;
				DEBUG_INFORMATION_FORMAT = dwarf;
				ENABLE_STRICT_OBJC_MSGSEND = YES;
				ENABLE_TESTABILITY = YES;
				GCC_C_LANGUAGE_STANDARD = gnu99;
				GCC_DYNAMIC_NO_PIC = NO;
				GCC_NO_COMMON_BLOCKS = YES;
				GCC_OPTIMIZATION_LEVEL = 0;
				GCC_PREPROCESSOR_DEFINITIONS = (
					"DEBUG=1",
					"$(inherited)",
				);
				GCC_WARN_64_TO_32_BIT_CONVERSION = YES;
				GCC_WARN_ABOUT_RETURN_TYPE = YES_ERROR;
				GCC_WARN_UNDECLARED_SELECTOR = YES;
				GCC_WARN_UNINITIALIZED_AUTOS = YES_AGGRESSIVE;
				GCC_WARN_UNUSED_FUNCTION = YES;
				GCC_WARN_UNUSED_VARIABLE = YES;
				IPHONEOS_DEPLOYMENT_TARGET = 9.3;
				MTL_ENABLE_DEBUG_INFO = YES;
				ONLY_ACTIVE_ARCH = YES;
				SDKROOT = iphoneos;
				SWIFT_OPTIMIZATION_LEVEL = "-Onone";
			};
			name = Debug;
		};
		A7BF29E41DE5091200916EDC /* Release */ = {
			isa = XCBuildConfiguration;
			buildSettings = {
				ALWAYS_SEARCH_USER_PATHS = NO;
				CLANG_ANALYZER_NONNULL = YES;
				CLANG_CXX_LANGUAGE_STANDARD = "gnu++0x";
				CLANG_CXX_LIBRARY = "libc++";
				CLANG_ENABLE_MODULES = YES;
				CLANG_ENABLE_OBJC_ARC = YES;
				CLANG_WARN_BOOL_CONVERSION = YES;
				CLANG_WARN_CONSTANT_CONVERSION = YES;
				CLANG_WARN_DIRECT_OBJC_ISA_USAGE = YES_ERROR;
				CLANG_WARN_EMPTY_BODY = YES;
				CLANG_WARN_ENUM_CONVERSION = YES;
				CLANG_WARN_INT_CONVERSION = YES;
				CLANG_WARN_OBJC_ROOT_CLASS = YES_ERROR;
				CLANG_WARN_UNREACHABLE_CODE = YES;
				CLANG_WARN__DUPLICATE_METHOD_MATCH = YES;
				"CODE_SIGN_IDENTITY[sdk=iphoneos*]" = "iPhone Developer";
				COPY_PHASE_STRIP = NO;
				DEBUG_INFORMATION_FORMAT = "dwarf-with-dsym";
				ENABLE_NS_ASSERTIONS = NO;
				ENABLE_STRICT_OBJC_MSGSEND = YES;
				GCC_C_LANGUAGE_STANDARD = gnu99;
				GCC_NO_COMMON_BLOCKS = YES;
				GCC_WARN_64_TO_32_BIT_CONVERSION = YES;
				GCC_WARN_ABOUT_RETURN_TYPE = YES_ERROR;
				GCC_WARN_UNDECLARED_SELECTOR = YES;
				GCC_WARN_UNINITIALIZED_AUTOS = YES_AGGRESSIVE;
				GCC_WARN_UNUSED_FUNCTION = YES;
				GCC_WARN_UNUSED_VARIABLE = YES;
				IPHONEOS_DEPLOYMENT_TARGET = 9.3;
				MTL_ENABLE_DEBUG_INFO = NO;
				SDKROOT = iphoneos;
				VALIDATE_PRODUCT = YES;
			};
			name = Release;
		};
		A7BF29E61DE5091200916EDC /* Debug */ = {
			isa = XCBuildConfiguration;
			baseConfigurationReference = D7C87B99BC707479D3EBC826 /* Pods-wascar.debug.xcconfig */;
			buildSettings = {
				ASSETCATALOG_COMPILER_APPICON_NAME = AppIcon;
				CODE_SIGN_IDENTITY = "iPhone Developer";
				INFOPLIST_FILE = "$(SRCROOT)/Resources/Supporting Files/Info.plist";
				LD_RUNPATH_SEARCH_PATHS = "$(inherited) @executable_path/Frameworks";
				PRODUCT_BUNDLE_IDENTIFIER = br.com.wagnersales.wascar;
				PRODUCT_NAME = "$(TARGET_NAME)";
				PROVISIONING_PROFILE = "10bbddd8-ce54-4dcb-b818-6e91befb7181";
			};
			name = Debug;
		};
		A7BF29E71DE5091200916EDC /* Release */ = {
			isa = XCBuildConfiguration;
			baseConfigurationReference = 0BA3DA69A817F33BBF3C47AF /* Pods-wascar.release.xcconfig */;
			buildSettings = {
				ASSETCATALOG_COMPILER_APPICON_NAME = AppIcon;
				CODE_SIGN_IDENTITY = "iPhone Developer";
				INFOPLIST_FILE = "$(SRCROOT)/Resources/Supporting Files/Info.plist";
				LD_RUNPATH_SEARCH_PATHS = "$(inherited) @executable_path/Frameworks";
				PRODUCT_BUNDLE_IDENTIFIER = br.com.wagnersales.wascar;
				PRODUCT_NAME = "$(TARGET_NAME)";
				PROVISIONING_PROFILE = "10bbddd8-ce54-4dcb-b818-6e91befb7181";
			};
			name = Release;
		};
		A7BF29E91DE5091200916EDC /* Debug */ = {
			isa = XCBuildConfiguration;
			baseConfigurationReference = 4A8EA7C9BBD80116C1AEDA07 /* Pods-wascarTests.debug.xcconfig */;
			buildSettings = {
				BUNDLE_LOADER = "$(TEST_HOST)";
				INFOPLIST_FILE = "wascarTests/Resources/Supporting Files/Info.plist";
				LD_RUNPATH_SEARCH_PATHS = "$(inherited) @executable_path/Frameworks @loader_path/Frameworks";
				PRODUCT_BUNDLE_IDENTIFIER = br.com.wagnersales.wascarTests;
				PRODUCT_NAME = "$(TARGET_NAME)";
				TEST_HOST = "$(BUILT_PRODUCTS_DIR)/wascar.app/wascar";
			};
			name = Debug;
		};
		A7BF29EA1DE5091200916EDC /* Release */ = {
			isa = XCBuildConfiguration;
			baseConfigurationReference = A9CB8163C58350D942119F21 /* Pods-wascarTests.release.xcconfig */;
			buildSettings = {
				BUNDLE_LOADER = "$(TEST_HOST)";
				INFOPLIST_FILE = "wascarTests/Resources/Supporting Files/Info.plist";
				LD_RUNPATH_SEARCH_PATHS = "$(inherited) @executable_path/Frameworks @loader_path/Frameworks";
				PRODUCT_BUNDLE_IDENTIFIER = br.com.wagnersales.wascarTests;
				PRODUCT_NAME = "$(TARGET_NAME)";
				TEST_HOST = "$(BUILT_PRODUCTS_DIR)/wascar.app/wascar";
			};
			name = Release;
		};
/* End XCBuildConfiguration section */

/* Begin XCConfigurationList section */
		A7BF29C31DE5091200916EDC /* Build configuration list for PBXProject "wascar" */ = {
			isa = XCConfigurationList;
			buildConfigurations = (
				A7BF29E31DE5091200916EDC /* Debug */,
				A7BF29E41DE5091200916EDC /* Release */,
			);
			defaultConfigurationIsVisible = 0;
			defaultConfigurationName = Release;
		};
		A7BF29E51DE5091200916EDC /* Build configuration list for PBXNativeTarget "wascar" */ = {
			isa = XCConfigurationList;
			buildConfigurations = (
				A7BF29E61DE5091200916EDC /* Debug */,
				A7BF29E71DE5091200916EDC /* Release */,
			);
			defaultConfigurationIsVisible = 0;
			defaultConfigurationName = Release;
		};
		A7BF29E81DE5091200916EDC /* Build configuration list for PBXNativeTarget "wascarTests" */ = {
			isa = XCConfigurationList;
			buildConfigurations = (
				A7BF29E91DE5091200916EDC /* Debug */,
				A7BF29EA1DE5091200916EDC /* Release */,
			);
			defaultConfigurationIsVisible = 0;
			defaultConfigurationName = Release;
		};
/* End XCConfigurationList section */
	};
	rootObject = A7BF29C01DE5091200916EDC /* Project object */;
}
